
Microsoft Visual Studio Solution File, Format Version 12.00
# Visual Studio Version 18
VisualStudioVersion = 18.3.11426.168 d18.3
MinimumVisualStudioVersion = 10.0.40219.1
Project("{FAE04EC0-301F-11D3-BF4B-00C04F79EFBC}") = "Backtrack.ApiGateway", "Backtrack.ApiGateway.csproj", "{34949075-5911-6864-D496-7BD8EA9C49D7}"
EndProject
Global
	GlobalSection(SolutionConfigurationPlatforms) = preSolution
		Debug|Any CPU = Debug|Any CPU
		Release|Any CPU = Release|Any CPU
	EndGlobalSection
	GlobalSection(ProjectConfigurationPlatforms) = postSolution
		{34949075-5911-6864-D496-7BD8EA9C49D7}.Debug|Any CPU.ActiveCfg = Debug|Any CPU
		{34949075-5911-6864-D496-7BD8EA9C49D7}.Debug|Any CPU.Build.0 = Debug|Any CPU
		{34949075-5911-6864-D496-7BD8EA9C49D7}.Release|Any CPU.ActiveCfg = Release|Any CPU
		{34949075-5911-6864-D496-7BD8EA9C49D7}.Release|Any CPU.Build.0 = Release|Any CPU
	EndGlobalSection
	GlobalSection(SolutionProperties) = preSolution
		HideSolutionNode = FALSE
	EndGlobalSection
	GlobalSection(ExtensibilityGlobals) = postSolution
		SolutionGuid = {BB6E2199-1FF3-422E-A0F8-68BF27299F53}
	EndGlobalSection
EndGlobal
